{
  "name": "quantifly-inlang",
  "lockfileVersion": 2,
  "requires": true,
  "packages": {
    "": {
      "dependencies": {
        "@inlang/cli": "^0.13.3"
      }
    },
    "node_modules/@inlang/cli": {
      "version": "0.13.3",
      "resolved": "https://registry.npmjs.org/@inlang/cli/-/cli-0.13.3.tgz",
      "integrity": "sha512-6pdLmdHuaTJAfW+Zct2yHwHIIKE01zrDw+/fPXyzFe0ycq/W9YNj7CVA+KElqRhHjwJWqYbhvpJ3G6RABIO4Hw==",
      "bin": {
        "inlang": "bin/run.js"
      },
      "engines": {
        "node": ">=18.0.0"
      }
    }
  },
  "dependencies": {
    "@inlang/cli": {
      "version": "0.13.3",
      "resolved": "https://registry.npmjs.org/@inlang/cli/-/cli-0.13.3.tgz",
      "integrity": "sha512-6pdLmdHuaTJAfW+Zct2yHwHIIKE01zrDw+/fPXyzFe0ycq/W9YNj7CVA+KElqRhHjwJWqYbhvpJ3G6RABIO4Hw=="
    }
  }
}
